
Microsoft Visual Studio Solution File, Format Version 12.00
# Visual Studio Version 16
VisualStudioVersion = 16.0.30621.155
MinimumVisualStudioVersion = 10.0.40219.1
Project("{FAE04EC0-301F-11D3-BF4B-00C04F79EFBC}") = "com-port-to-database", "com-port-to-database\com-port-to-database.csproj", "{DFE67BEA-6248-4485-97AF-4C288A5ABDA7}"
EndProject
Global
	GlobalSection(SolutionConfigurationPlatforms) = preSolution
		Debug|Any CPU = Debug|Any CPU
		Release|Any CPU = Release|Any CPU
	EndGlobalSection
	GlobalSection(ProjectConfigurationPlatforms) = postSolution
		{DFE67BEA-6248-4485-97AF-4C288A5ABDA7}.Debug|Any CPU.ActiveCfg = Debug|Any CPU
		{DFE67BEA-6248-4485-97AF-4C288A5ABDA7}.Debug|Any CPU.Build.0 = Debug|Any CPU
		{DFE67BEA-6248-4485-97AF-4C288A5ABDA7}.Release|Any CPU.ActiveCfg = Release|Any CPU
		{DFE67BEA-6248-4485-97AF-4C288A5ABDA7}.Release|Any CPU.Build.0 = Release|Any CPU
	EndGlobalSection
	GlobalSection(SolutionProperties) = preSolution
		HideSolutionNode = FALSE
	EndGlobalSection
	GlobalSection(ExtensibilityGlobals) = postSolution
		SolutionGuid = {819A8E4C-B162-459B-B704-B10F1863BA3E}
	EndGlobalSection
EndGlobal
